// !$*UTF8*$!
{
	archiveVersion = 1;
	classes = {
	};
	objectVersion = 50;
	objects = {

/* Begin PBXBuildFile section */
		4FD22B06218F73080045CFD5 /* data.c in Sources */ = {isa = PBXBuildFile; fileRef = 4FD22B03218F73080045CFD5 /* data.c */; };
		4FD22B07218F73080045CFD5 /* main.c in Sources */ = {isa = PBXBuildFile; fileRef = 4FD22B05218F73080045CFD5 /* main.c */; };
		4FD22B0A218F73110045CFD5 /* parser.c in Sources */ = {isa = PBXBuildFile; fileRef = 4FD22B08218F73110045CFD5 /* parser.c */; };
		4FD22B0D218F73170045CFD5 /* symbol.c in Sources */ = {isa = PBXBuildFile; fileRef = 4FD22B0B218F73170045CFD5 /* symbol.c */; };
		4FD22B10218F73200045CFD5 /* token.c in Sources */ = {isa = PBXBuildFile; fileRef = 4FD22B0E218F73200045CFD5 /* token.c */; };
/* End PBXBuildFile section */

/* Begin PBXCopyFilesBuildPhase section */
		4FD22AF7218F72F10045CFD5 /* CopyFiles */ = {
			isa = PBXCopyFilesBuildPhase;
			buildActionMask = 2147483647;
			dstPath = /usr/share/man/man1/;
			dstSubfolderSpec = 0;
			files = (
			);
			runOnlyForDeploymentPostprocessing = 1;
		};
/* End PBXCopyFilesBuildPhase section */

/* Begin PBXFileReference section */
		4FD22AF9218F72F10045CFD5 /* assignment3_parser */ = {isa = PBXFileReference; explicitFileType = "compiled.mach-o.executable"; includeInIndex = 0; path = assignment3_parser; sourceTree = BUILT_PRODUCTS_DIR; };
		4FD22B03218F73080045CFD5 /* data.c */ = {isa = PBXFileReference; fileEncoding = 4; lastKnownFileType = sourcecode.c.c; path = data.c; sourceTree = "<group>"; };
		4FD22B04218F73080045CFD5 /* data.h */ = {isa = PBXFileReference; fileEncoding = 4; lastKnownFileType = sourcecode.c.h; path = data.h; sourceTree = "<group>"; };
		4FD22B05218F73080045CFD5 /* main.c */ = {isa = PBXFileReference; fileEncoding = 4; lastKnownFileType = sourcecode.c.c; path = main.c; sourceTree = "<group>"; };
		4FD22B08218F73110045CFD5 /* parser.c */ = {isa = PBXFileReference; fileEncoding = 4; lastKnownFileType = sourcecode.c.c; path = parser.c; sourceTree = "<group>"; };
		4FD22B09218F73110045CFD5 /* parser.h */ = {isa = PBXFileReference; fileEncoding = 4; lastKnownFileType = sourcecode.c.h; path = parser.h; sourceTree = "<group>"; };
		4FD22B0B218F73170045CFD5 /* symbol.c */ = {isa = PBXFileReference; fileEncoding = 4; lastKnownFileType = sourcecode.c.c; path = symbol.c; sourceTree = "<group>"; };
		4FD22B0C218F73170045CFD5 /* symbol.h */ = {isa = PBXFileReference; fileEncoding = 4; lastKnownFileType = sourcecode.c.h; path = symbol.h; sourceTree = "<group>"; };
		4FD22B0E218F73200045CFD5 /* token.c */ = {isa = PBXFileReference; fileEncoding = 4; lastKnownFileType = sourcecode.c.c; path = token.c; sourceTree = "<group>"; };
		4FD22B0F218F73200045CFD5 /* token.h */ = {isa = PBXFileReference; fileEncoding = 4; lastKnownFileType = sourcecode.c.h; path = token.h; sourceTree = "<group>"; };
/* End PBXFileReference section */

/* Begin PBXFrameworksBuildPhase section */
		4FD22AF6218F72F10045CFD5 /* Frameworks */ = {
			isa = PBXFrameworksBuildPhase;
			buildActionMask = 2147483647;
			files = (
			);
			runOnlyForDeploymentPostprocessing = 0;
		};
/* End PBXFrameworksBuildPhase section */

/* Begin PBXGroup section */
		4FD22AF0218F72F10045CFD5 = {
			isa = PBXGroup;
			children = (
				4FD22AFB218F72F10045CFD5 /* assignment3_parser */,
				4FD22AFA218F72F10045CFD5 /* Products */,
			);
			sourceTree = "<group>";
		};
		4FD22AFA218F72F10045CFD5 /* Products */ = {
			isa = PBXGroup;
			children = (
				4FD22AF9218F72F10045CFD5 /* assignment3_parser */,
			);
			name = Products;
			sourceTree = "<group>";
		};
		4FD22AFB218F72F10045CFD5 /* assignment3_parser */ = {
			isa = PBXGroup;
			children = (
				4FD22B03218F73080045CFD5 /* data.c */,
				4FD22B04218F73080045CFD5 /* data.h */,
				4FD22B05218F73080045CFD5 /* main.c */,
				4FD22B08218F73110045CFD5 /* parser.c */,
				4FD22B09218F73110045CFD5 /* parser.h */,
				4FD22B0B218F73170045CFD5 /* symbol.c */,
				4FD22B0C218F73170045CFD5 /* symbol.h */,
				4FD22B0E218F73200045CFD5 /* token.c */,
				4FD22B0F218F73200045CFD5 /* token.h */,
			);
			path = assignment3_parser;
			sourceTree = "<group>";
		};
/* End PBXGroup section */

/* Begin PBXNativeTarget section */
		4FD22AF8218F72F10045CFD5 /* assignment3_parser */ = {
			isa = PBXNativeTarget;
			buildConfigurationList = 4FD22B00218F72F10045CFD5 /* Build configuration list for PBXNativeTarget "assignment3_parser" */;
			buildPhases = (
				4FD22AF5218F72F10045CFD5 /* Sources */,
				4FD22AF6218F72F10045CFD5 /* Frameworks */,
				4FD22AF7218F72F10045CFD5 /* CopyFiles */,
			);
			buildRules = (
			);
			dependencies = (
			);
			name = assignment3_parser;
			productName = assignment3_parser;
			productReference = 4FD22AF9218F72F10045CFD5 /* assignment3_parser */;
			productType = "com.apple.product-type.tool";
		};
/* End PBXNativeTarget section */

/* Begin PBXProject section */
		4FD22AF1218F72F10045CFD5 /* Project object */ = {
			isa = PBXProject;
			attributes = {
				LastUpgradeCheck = 0940;
				ORGANIZATIONNAME = "Kenneth Rosario";
				TargetAttributes = {
					4FD22AF8218F72F10045CFD5 = {
						CreatedOnToolsVersion = 9.4.1;
					};
				};
			};
			buildConfigurationList = 4FD22AF4218F72F10045CFD5 /* Build configuration list for PBXProject "assignment3_parser" */;
			compatibilityVersion = "Xcode 9.3";
			developmentRegion = en;
			hasScannedForEncodings = 0;
			knownRegions = (
				en,
			);
			mainGroup = 4FD22AF0218F72F10045CFD5;
			productRefGroup = 4FD22AFA218F72F10045CFD5 /* Products */;
			projectDirPath = "";
			projectRoot = "";
			targets = (
				4FD22AF8218F72F10045CFD5 /* assignment3_parser */,
			);
		};
/* End PBXProject section */

/* Begin PBXSourcesBuildPhase section */
		4FD22AF5218F72F10045CFD5 /* Sources */ = {
			isa = PBXSourcesBuildPhase;
			buildActionMask = 2147483647;
			files = (
				4FD22B07218F73080045CFD5 /* main.c in Sources */,
				4FD22B0A218F73110045CFD5 /* parser.c in Sources */,
				4FD22B06218F73080045CFD5 /* data.c in Sources */,
				4FD22B10218F73200045CFD5 /* token.c in Sources */,
				4FD22B0D218F73170045CFD5 /* symbol.c in Sources */,
			);
			runOnlyForDeploymentPostprocessing = 0;
		};
/* End PBXSourcesBuildPhase section */

/* Begin XCBuildConfiguration section */
		4FD22AFE218F72F10045CFD5 /* Debug */ = {
			isa = XCBuildConfiguration;
			buildSettings = {
				ALWAYS_SEARCH_USER_PATHS = NO;
				CLANG_ANALYZER_NONNULL = YES;
				CLANG_ANALYZER_NUMBER_OBJECT_CONVERSION = YES_AGGRESSIVE;
				CLANG_CXX_LANGUAGE_STANDARD = "gnu++14";
				CLANG_CXX_LIBRARY = "libc++";
				CLANG_ENABLE_MODULES = YES;
				CLANG_ENABLE_OBJC_ARC = YES;
				CLANG_ENABLE_OBJC_WEAK = YES;
				CLANG_WARN_BLOCK_CAPTURE_AUTORELEASING = YES;
				CLANG_WARN_BOOL_CONVERSION = YES;
				CLANG_WARN_COMMA = YES;
				CLANG_WARN_CONSTANT_CONVERSION = YES;
				CLANG_WARN_DEPRECATED_OBJC_IMPLEMENTATIONS = YES;
				CLANG_WARN_DIRECT_OBJC_ISA_USAGE = YES_ERROR;
				CLANG_WARN_DOCUMENTATION_COMMENTS = YES;
				CLANG_WARN_EMPTY_BODY = YES;
				CLANG_WARN_ENUM_CONVERSION = YES;
				CLANG_WARN_INFINITE_RECURSION = YES;
				CLANG_WARN_INT_CONVERSION = YES;
				CLANG_WARN_NON_LITERAL_NULL_CONVERSION = YES;
				CLANG_WARN_OBJC_IMPLICIT_RETAIN_SELF = YES;
				CLANG_WARN_OBJC_LITERAL_CONVERSION = YES;
				CLANG_WARN_OBJC_ROOT_CLASS = YES_ERROR;
				CLANG_WARN_RANGE_LOOP_ANALYSIS = YES;
				CLANG_WARN_STRICT_PROTOTYPES = YES;
				CLANG_WARN_SUSPICIOUS_MOVE = YES;
				CLANG_WARN_UNGUARDED_AVAILABILITY = YES_AGGRESSIVE;
				CLANG_WARN_UNREACHABLE_CODE = YES;
				CLANG_WARN__DUPLICATE_METHOD_MATCH = YES;
				CODE_SIGN_IDENTITY = "-";
				COPY_PHASE_STRIP = NO;
				DEBUG_INFORMATION_FORMAT = dwarf;
				ENABLE_STRICT_OBJC_MSGSEND = YES;
				ENABLE_TESTABILITY = YES;
				GCC_C_LANGUAGE_STANDARD = gnu11;
				GCC_DYNAMIC_NO_PIC = NO;
				GCC_NO_COMMON_BLOCKS = YES;
				GCC_OPTIMIZATION_LEVEL = 0;
				GCC_PREPROCESSOR_DEFINITIONS = (
					"DEBUG=1",
					"$(inherited)",
				);
				GCC_WARN_64_TO_32_BIT_CONVERSION = YES;
				GCC_WARN_ABOUT_RETURN_TYPE = YES_ERROR;
				GCC_WARN_UNDECLARED_SELECTOR = YES;
				GCC_WARN_UNINITIALIZED_AUTOS = YES_AGGRESSIVE;
				GCC_WARN_UNUSED_FUNCTION = YES;
				GCC_WARN_UNUSED_VARIABLE = YES;
				MACOSX_DEPLOYMENT_TARGET = 10.13;
				MTL_ENABLE_DEBUG_INFO = YES;
				ONLY_ACTIVE_ARCH = YES;
				SDKROOT = macosx;
			};
			name = Debug;
		};
		4FD22AFF218F72F10045CFD5 /* Release */ = {
			isa = XCBuildConfiguration;
			buildSettings = {
				ALWAYS_SEARCH_USER_PATHS = NO;
				CLANG_ANALYZER_NONNULL = YES;
				CLANG_ANALYZER_NUMBER_OBJECT_CONVERSION = YES_AGGRESSIVE;
				CLANG_CXX_LANGUAGE_STANDARD = "gnu++14";
				CLANG_CXX_LIBRARY = "libc++";
				CLANG_ENABLE_MODULES = YES;
				CLANG_ENABLE_OBJC_ARC = YES;
				CLANG_ENABLE_OBJC_WEAK = YES;
				CLANG_WARN_BLOCK_CAPTURE_AUTORELEASING = YES;
				CLANG_WARN_BOOL_CONVERSION = YES;
				CLANG_WARN_COMMA = YES;
				CLANG_WARN_CONSTANT_CONVERSION = YES;
				CLANG_WARN_DEPRECATED_OBJC_IMPLEMENTATIONS = YES;
				CLANG_WARN_DIRECT_OBJC_ISA_USAGE = YES_ERROR;
				CLANG_WARN_DOCUMENTATION_COMMENTS = YES;
				CLANG_WARN_EMPTY_BODY = YES;
				CLANG_WARN_ENUM_CONVERSION = YES;
				CLANG_WARN_INFINITE_RECURSION = YES;
				CLANG_WARN_INT_CONVERSION = YES;
				CLANG_WARN_NON_LITERAL_NULL_CONVERSION = YES;
				CLANG_WARN_OBJC_IMPLICIT_RETAIN_SELF = YES;
				CLANG_WARN_OBJC_LITERAL_CONVERSION = YES;
				CLANG_WARN_OBJC_ROOT_CLASS = YES_ERROR;
				CLANG_WARN_RANGE_LOOP_ANALYSIS = YES;
				CLANG_WARN_STRICT_PROTOTYPES = YES;
				CLANG_WARN_SUSPICIOUS_MOVE = YES;
				CLANG_WARN_UNGUARDED_AVAILABILITY = YES_AGGRESSIVE;
				CLANG_WARN_UNREACHABLE_CODE = YES;
				CLANG_WARN__DUPLICATE_METHOD_MATCH = YES;
				CODE_SIGN_IDENTITY = "-";
				COPY_PHASE_STRIP = NO;
				DEBUG_INFORMATION_FORMAT = "dwarf-with-dsym";
				ENABLE_NS_ASSERTIONS = NO;
				ENABLE_STRICT_OBJC_MSGSEND = YES;
				GCC_C_LANGUAGE_STANDARD = gnu11;
				GCC_NO_COMMON_BLOCKS = YES;
				GCC_WARN_64_TO_32_BIT_CONVERSION = YES;
				GCC_WARN_ABOUT_RETURN_TYPE = YES_ERROR;
				GCC_WARN_UNDECLARED_SELECTOR = YES;
				GCC_WARN_UNINITIALIZED_AUTOS = YES_AGGRESSIVE;
				GCC_WARN_UNUSED_FUNCTION = YES;
				GCC_WARN_UNUSED_VARIABLE = YES;
				MACOSX_DEPLOYMENT_TARGET = 10.13;
				MTL_ENABLE_DEBUG_INFO = NO;
				SDKROOT = macosx;
			};
			name = Release;
		};
		4FD22B01218F72F10045CFD5 /* Debug */ = {
			isa = XCBuildConfiguration;
			buildSettings = {
				CODE_SIGN_STYLE = Automatic;
				PRODUCT_NAME = "$(TARGET_NAME)";
			};
			name = Debug;
		};
		4FD22B02218F72F10045CFD5 /* Release */ = {
			isa = XCBuildConfiguration;
			buildSettings = {
				CODE_SIGN_STYLE = Automatic;
				PRODUCT_NAME = "$(TARGET_NAME)";
			};
			name = Release;
		};
/* End XCBuildConfiguration section */

/* Begin XCConfigurationList section */
		4FD22AF4218F72F10045CFD5 /* Build configuration list for PBXProject "assignment3_parser" */ = {
			isa = XCConfigurationList;
			buildConfigurations = (
				4FD22AFE218F72F10045CFD5 /* Debug */,
				4FD22AFF218F72F10045CFD5 /* Release */,
			);
			defaultConfigurationIsVisible = 0;
			defaultConfigurationName = Release;
		};
		4FD22B00218F72F10045CFD5 /* Build configuration list for PBXNativeTarget "assignment3_parser" */ = {
			isa = XCConfigurationList;
			buildConfigurations = (
				4FD22B01218F72F10045CFD5 /* Debug */,
				4FD22B02218F72F10045CFD5 /* Release */,
			);
			defaultConfigurationIsVisible = 0;
			defaultConfigurationName = Release;
		};
/* End XCConfigurationList section */
	};
	rootObject = 4FD22AF1218F72F10045CFD5 /* Project object */;
}
